
Microsoft Visual Studio Solution File, Format Version 12.00
# Visual Studio Version 17
VisualStudioVersion = 17.0.31903.59
MinimumVisualStudioVersion = 10.0.40219.1
Project("{2150E333-8FDC-42A3-9474-1A3956D46DE8}") = "src", "src", "{827E0CD3-B72D-47B6-A68D-7590B98EB39B}"
EndProject
Project("{FAE04EC0-301F-11D3-BF4B-00C04F79EFBC}") = "Dle.Domain", "src\Dle.Domain\Dle.Domain.csproj", "{8BD2F833-F43D-44AC-BE71-1E71630B3372}"
EndProject
Project("{FAE04EC0-301F-11D3-BF4B-00C04F79EFBC}") = "Dle.Crypto", "src\Dle.Crypto\Dle.Crypto.csproj", "{77BD4E89-E610-4E8B-8D0E-352864B734D2}"
EndProject
Project("{FAE04EC0-301F-11D3-BF4B-00C04F79EFBC}") = "Dle.Persistence", "src\Dle.Persistence\Dle.Persistence.csproj", "{3D77D5E3-303A-47AC-92C2-79735C924FBC}"
EndProject
Project("{FAE04EC0-301F-11D3-BF4B-00C04F79EFBC}") = "Dle.Persistence.Fast", "src\Dle.Persistence.Fast\Dle.Persistence.Fast.csproj", "{4AE52A17-190E-424E-86E1-DDAA525CFE6A}"
EndProject
Project("{FAE04EC0-301F-11D3-BF4B-00C04F79EFBC}") = "Dle.Analytics.Postgres", "src\Dle.Analytics.Postgres\Dle.Analytics.Postgres.csproj", "{F1B141EE-D5A4-46AE-B8DD-7396CCF301E6}"
EndProject
Project("{FAE04EC0-301F-11D3-BF4B-00C04F79EFBC}") = "Dle.Analytics.ClickHouse", "src\Dle.Analytics.ClickHouse\Dle.Analytics.ClickHouse.csproj", "{FE74A94B-7F4A-4D51-BE63-1DBF97AF6BA5}"
EndProject
Project("{FAE04EC0-301F-11D3-BF4B-00C04F79EFBC}") = "Dle.Edge", "src\Dle.Edge\Dle.Edge.csproj", "{1BB74289-49B0-4E10-8B16-AF613AEAF458}"
EndProject
Project("{FAE04EC0-301F-11D3-BF4B-00C04F79EFBC}") = "Dle.Control", "src\Dle.Control\Dle.Control.csproj", "{07865D94-BBB4-4DE1-AA10-73464BD33E07}"
EndProject
Project("{2150E333-8FDC-42A3-9474-1A3956D46DE8}") = "tests", "tests", "{0AB3BF05-4346-4AA6-1389-037BE0695223}"
EndProject
Project("{FAE04EC0-301F-11D3-BF4B-00C04F79EFBC}") = "Dle.UnitTests", "tests\Dle.UnitTests\Dle.UnitTests.csproj", "{620EFD5A-3B89-47B3-A734-621A1A168A76}"
EndProject
Project("{FAE04EC0-301F-11D3-BF4B-00C04F79EFBC}") = "Dle.IntegrationTests", "tests\Dle.IntegrationTests\Dle.IntegrationTests.csproj", "{2A7FE0E1-FF50-4355-BED3-D45C5176B391}"
EndProject
Project("{FAE04EC0-301F-11D3-BF4B-00C04F79EFBC}") = "Dle.ContractTests", "tests\Dle.ContractTests\Dle.ContractTests.csproj", "{2F7A0207-DBDB-4C09-9DBA-51B73130F38D}"
EndProject
Project("{FAE04EC0-301F-11D3-BF4B-00C04F79EFBC}") = "Dle.SecurityTests", "tests\Dle.SecurityTests\Dle.SecurityTests.csproj", "{5E5C46A3-BD97-44F6-AF31-B52C32A8DDE3}"
EndProject
Project("{2150E333-8FDC-42A3-9474-1A3956D46DE8}") = "deploy", "deploy", "{6DEC682D-5F0D-1973-951C-0B9630672490}"
EndProject
Project("{FAE04EC0-301F-11D3-BF4B-00C04F79EFBC}") = "Dle.AppHost", "deploy\aspire\Dle.AppHost\Dle.AppHost.csproj", "{509E0C02-1B40-441E-954B-DE09E7334836}"
EndProject
Project("{FAE04EC0-301F-11D3-BF4B-00C04F79EFBC}") = "Dle.ServiceDefaults", "deploy\aspire\Dle.ServiceDefaults\Dle.ServiceDefaults.csproj", "{23D4E100-97C7-4D2D-B893-1C644730890E}"
EndProject
Global
	GlobalSection(SolutionConfigurationPlatforms) = preSolution
		Debug|Any CPU = Debug|Any CPU
		Debug|x64 = Debug|x64
		Debug|x86 = Debug|x86
		Release|Any CPU = Release|Any CPU
		Release|x64 = Release|x64
		Release|x86 = Release|x86
	EndGlobalSection
	GlobalSection(ProjectConfigurationPlatforms) = postSolution
		{8BD2F833-F43D-44AC-BE71-1E71630B3372}.Debug|Any CPU.ActiveCfg = Debug|Any CPU
		{8BD2F833-F43D-44AC-BE71-1E71630B3372}.Debug|Any CPU.Build.0 = Debug|Any CPU
		{8BD2F833-F43D-44AC-BE71-1E71630B3372}.Debug|x64.ActiveCfg = Debug|Any CPU
		{8BD2F833-F43D-44AC-BE71-1E71630B3372}.Debug|x64.Build.0 = Debug|Any CPU
		{8BD2F833-F43D-44AC-BE71-1E71630B3372}.Debug|x86.ActiveCfg = Debug|Any CPU
		{8BD2F833-F43D-44AC-BE71-1E71630B3372}.Debug|x86.Build.0 = Debug|Any CPU
		{8BD2F833-F43D-44AC-BE71-1E71630B3372}.Release|Any CPU.ActiveCfg = Release|Any CPU
		{8BD2F833-F43D-44AC-BE71-1E71630B3372}.Release|Any CPU.Build.0 = Release|Any CPU
		{8BD2F833-F43D-44AC-BE71-1E71630B3372}.Release|x64.ActiveCfg = Release|Any CPU
		{8BD2F833-F43D-44AC-BE71-1E71630B3372}.Release|x64.Build.0 = Release|Any CPU
		{8BD2F833-F43D-44AC-BE71-1E71630B3372}.Release|x86.ActiveCfg = Release|Any CPU
		{8BD2F833-F43D-44AC-BE71-1E71630B3372}.Release|x86.Build.0 = Release|Any CPU
		{77BD4E89-E610-4E8B-8D0E-352864B734D2}.Debug|Any CPU.ActiveCfg = Debug|Any CPU
		{77BD4E89-E610-4E8B-8D0E-352864B734D2}.Debug|Any CPU.Build.0 = Debug|Any CPU
		{77BD4E89-E610-4E8B-8D0E-352864B734D2}.Debug|x64.ActiveCfg = Debug|Any CPU
		{77BD4E89-E610-4E8B-8D0E-352864B734D2}.Debug|x64.Build.0 = Debug|Any CPU
		{77BD4E89-E610-4E8B-8D0E-352864B734D2}.Debug|x86.ActiveCfg = Debug|Any CPU
		{77BD4E89-E610-4E8B-8D0E-352864B734D2}.Debug|x86.Build.0 = Debug|Any CPU
		{77BD4E89-E610-4E8B-8D0E-352864B734D2}.Release|Any CPU.ActiveCfg = Release|Any CPU
		{77BD4E89-E610-4E8B-8D0E-352864B734D2}.Release|Any CPU.Build.0 = Release|Any CPU
		{77BD4E89-E610-4E8B-8D0E-352864B734D2}.Release|x64.ActiveCfg = Release|Any CPU
		{77BD4E89-E610-4E8B-8D0E-352864B734D2}.Release|x64.Build.0 = Release|Any CPU
		{77BD4E89-E610-4E8B-8D0E-352864B734D2}.Release|x86.ActiveCfg = Release|Any CPU
		{77BD4E89-E610-4E8B-8D0E-352864B734D2}.Release|x86.Build.0 = Release|Any CPU
		{3D77D5E3-303A-47AC-92C2-79735C924FBC}.Debug|Any CPU.ActiveCfg = Debug|Any CPU
		{3D77D5E3-303A-47AC-92C2-79735C924FBC}.Debug|Any CPU.Build.0 = Debug|Any CPU
		{3D77D5E3-303A-47AC-92C2-79735C924FBC}.Debug|x64.ActiveCfg = Debug|Any CPU
		{3D77D5E3-303A-47AC-92C2-79735C924FBC}.Debug|x64.Build.0 = Debug|Any CPU
		{3D77D5E3-303A-47AC-92C2-79735C924FBC}.Debug|x86.ActiveCfg = Debug|Any CPU
		{3D77D5E3-303A-47AC-92C2-79735C924FBC}.Debug|x86.Build.0 = Debug|Any CPU
		{3D77D5E3-303A-47AC-92C2-79735C924FBC}.Release|Any CPU.ActiveCfg = Release|Any CPU
		{3D77D5E3-303A-47AC-92C2-79735C924FBC}.Release|Any CPU.Build.0 = Release|Any CPU
		{3D77D5E3-303A-47AC-92C2-79735C924FBC}.Release|x64.ActiveCfg = Release|Any CPU
		{3D77D5E3-303A-47AC-92C2-79735C924FBC}.Release|x64.Build.0 = Release|Any CPU
		{3D77D5E3-303A-47AC-92C2-79735C924FBC}.Release|x86.ActiveCfg = Release|Any CPU
		{3D77D5E3-303A-47AC-92C2-79735C924FBC}.Release|x86.Build.0 = Release|Any CPU
		{4AE52A17-190E-424E-86E1-DDAA525CFE6A}.Debug|Any CPU.ActiveCfg = Debug|Any CPU
		{4AE52A17-190E-424E-86E1-DDAA525CFE6A}.Debug|Any CPU.Build.0 = Debug|Any CPU
		{4AE52A17-190E-424E-86E1-DDAA525CFE6A}.Debug|x64.ActiveCfg = Debug|Any CPU
		{4AE52A17-190E-424E-86E1-DDAA525CFE6A}.Debug|x64.Build.0 = Debug|Any CPU
		{4AE52A17-190E-424E-86E1-DDAA525CFE6A}.Debug|x86.ActiveCfg = Debug|Any CPU
		{4AE52A17-190E-424E-86E1-DDAA525CFE6A}.Debug|x86.Build.0 = Debug|Any CPU
		{4AE52A17-190E-424E-86E1-DDAA525CFE6A}.Release|Any CPU.ActiveCfg = Release|Any CPU
		{4AE52A17-190E-424E-86E1-DDAA525CFE6A}.Release|Any CPU.Build.0 = Release|Any CPU
		{4AE52A17-190E-424E-86E1-DDAA525CFE6A}.Release|x64.ActiveCfg = Release|Any CPU
		{4AE52A17-190E-424E-86E1-DDAA525CFE6A}.Release|x64.Build.0 = Release|Any CPU
		{4AE52A17-190E-424E-86E1-DDAA525CFE6A}.Release|x86.ActiveCfg = Release|Any CPU
		{4AE52A17-190E-424E-86E1-DDAA525CFE6A}.Release|x86.Build.0 = Release|Any CPU
		{F1B141EE-D5A4-46AE-B8DD-7396CCF301E6}.Debug|Any CPU.ActiveCfg = Debug|Any CPU
		{F1B141EE-D5A4-46AE-B8DD-7396CCF301E6}.Debug|Any CPU.Build.0 = Debug|Any CPU
		{F1B141EE-D5A4-46AE-B8DD-7396CCF301E6}.Debug|x64.ActiveCfg = Debug|Any CPU
		{F1B141EE-D5A4-46AE-B8DD-7396CCF301E6}.Debug|x64.Build.0 = Debug|Any CPU
		{F1B141EE-D5A4-46AE-B8DD-7396CCF301E6}.Debug|x86.ActiveCfg = Debug|Any CPU
		{F1B141EE-D5A4-46AE-B8DD-7396CCF301E6}.Debug|x86.Build.0 = Debug|Any CPU
		{F1B141EE-D5A4-46AE-B8DD-7396CCF301E6}.Release|Any CPU.ActiveCfg = Release|Any CPU
		{F1B141EE-D5A4-46AE-B8DD-7396CCF301E6}.Release|Any CPU.Build.0 = Release|Any CPU
		{F1B141EE-D5A4-46AE-B8DD-7396CCF301E6}.Release|x64.ActiveCfg = Release|Any CPU
		{F1B141EE-D5A4-46AE-B8DD-7396CCF301E6}.Release|x64.Build.0 = Release|Any CPU
		{F1B141EE-D5A4-46AE-B8DD-7396CCF301E6}.Release|x86.ActiveCfg = Release|Any CPU
		{F1B141EE-D5A4-46AE-B8DD-7396CCF301E6}.Release|x86.Build.0 = Release|Any CPU
		{FE74A94B-7F4A-4D51-BE63-1DBF97AF6BA5}.Debug|Any CPU.ActiveCfg = Debug|Any CPU
		{FE74A94B-7F4A-4D51-BE63-1DBF97AF6BA5}.Debug|Any CPU.Build.0 = Debug|Any CPU
		{FE74A94B-7F4A-4D51-BE63-1DBF97AF6BA5}.Debug|x64.ActiveCfg = Debug|Any CPU
		{FE74A94B-7F4A-4D51-BE63-1DBF97AF6BA5}.Debug|x64.Build.0 = Debug|Any CPU
		{FE74A94B-7F4A-4D51-BE63-1DBF97AF6BA5}.Debug|x86.ActiveCfg = Debug|Any CPU
		{FE74A94B-7F4A-4D51-BE63-1DBF97AF6BA5}.Debug|x86.Build.0 = Debug|Any CPU
		{FE74A94B-7F4A-4D51-BE63-1DBF97AF6BA5}.Release|Any CPU.ActiveCfg = Release|Any CPU
		{FE74A94B-7F4A-4D51-BE63-1DBF97AF6BA5}.Release|Any CPU.Build.0 = Release|Any CPU
		{FE74A94B-7F4A-4D51-BE63-1DBF97AF6BA5}.Release|x64.ActiveCfg = Release|Any CPU
		{FE74A94B-7F4A-4D51-BE63-1DBF97AF6BA5}.Release|x64.Build.0 = Release|Any CPU
		{FE74A94B-7F4A-4D51-BE63-1DBF97AF6BA5}.Release|x86.ActiveCfg = Release|Any CPU
		{FE74A94B-7F4A-4D51-BE63-1DBF97AF6BA5}.Release|x86.Build.0 = Release|Any CPU
		{1BB74289-49B0-4E10-8B16-AF613AEAF458}.Debug|Any CPU.ActiveCfg = Debug|Any CPU
		{1BB74289-49B0-4E10-8B16-AF613AEAF458}.Debug|Any CPU.Build.0 = Debug|Any CPU
		{1BB74289-49B0-4E10-8B16-AF613AEAF458}.Debug|x64.ActiveCfg = Debug|Any CPU
		{1BB74289-49B0-4E10-8B16-AF613AEAF458}.Debug|x64.Build.0 = Debug|Any CPU
		{1BB74289-49B0-4E10-8B16-AF613AEAF458}.Debug|x86.ActiveCfg = Debug|Any CPU
		{1BB74289-49B0-4E10-8B16-AF613AEAF458}.Debug|x86.Build.0 = Debug|Any CPU
		{1BB74289-49B0-4E10-8B16-AF613AEAF458}.Release|Any CPU.ActiveCfg = Release|Any CPU
		{1BB74289-49B0-4E10-8B16-AF613AEAF458}.Release|Any CPU.Build.0 = Release|Any CPU
		{1BB74289-49B0-4E10-8B16-AF613AEAF458}.Release|x64.ActiveCfg = Release|Any CPU
		{1BB74289-49B0-4E10-8B16-AF613AEAF458}.Release|x64.Build.0 = Release|Any CPU
		{1BB74289-49B0-4E10-8B16-AF613AEAF458}.Release|x86.ActiveCfg = Release|Any CPU
		{1BB74289-49B0-4E10-8B16-AF613AEAF458}.Release|x86.Build.0 = Release|Any CPU
		{07865D94-BBB4-4DE1-AA10-73464BD33E07}.Debug|Any CPU.ActiveCfg = Debug|Any CPU
		{07865D94-BBB4-4DE1-AA10-73464BD33E07}.Debug|Any CPU.Build.0 = Debug|Any CPU
		{07865D94-BBB4-4DE1-AA10-73464BD33E07}.Debug|x64.ActiveCfg = Debug|Any CPU
		{07865D94-BBB4-4DE1-AA10-73464BD33E07}.Debug|x64.Build.0 = Debug|Any CPU
		{07865D94-BBB4-4DE1-AA10-73464BD33E07}.Debug|x86.ActiveCfg = Debug|Any CPU
		{07865D94-BBB4-4DE1-AA10-73464BD33E07}.Debug|x86.Build.0 = Debug|Any CPU
		{07865D94-BBB4-4DE1-AA10-73464BD33E07}.Release|Any CPU.ActiveCfg = Release|Any CPU
		{07865D94-BBB4-4DE1-AA10-73464BD33E07}.Release|Any CPU.Build.0 = Release|Any CPU
		{07865D94-BBB4-4DE1-AA10-73464BD33E07}.Release|x64.ActiveCfg = Release|Any CPU
		{07865D94-BBB4-4DE1-AA10-73464BD33E07}.Release|x64.Build.0 = Release|Any CPU
		{07865D94-BBB4-4DE1-AA10-73464BD33E07}.Release|x86.ActiveCfg = Release|Any CPU
		{07865D94-BBB4-4DE1-AA10-73464BD33E07}.Release|x86.Build.0 = Release|Any CPU
		{620EFD5A-3B89-47B3-A734-621A1A168A76}.Debug|Any CPU.ActiveCfg = Debug|Any CPU
		{620EFD5A-3B89-47B3-A734-621A1A168A76}.Debug|Any CPU.Build.0 = Debug|Any CPU
		{620EFD5A-3B89-47B3-A734-621A1A168A76}.Debug|x64.ActiveCfg = Debug|Any CPU
		{620EFD5A-3B89-47B3-A734-621A1A168A76}.Debug|x64.Build.0 = Debug|Any CPU
		{620EFD5A-3B89-47B3-A734-621A1A168A76}.Debug|x86.ActiveCfg = Debug|Any CPU
		{620EFD5A-3B89-47B3-A734-621A1A168A76}.Debug|x86.Build.0 = Debug|Any CPU
		{620EFD5A-3B89-47B3-A734-621A1A168A76}.Release|Any CPU.ActiveCfg = Release|Any CPU
		{620EFD5A-3B89-47B3-A734-621A1A168A76}.Release|Any CPU.Build.0 = Release|Any CPU
		{620EFD5A-3B89-47B3-A734-621A1A168A76}.Release|x64.ActiveCfg = Release|Any CPU
		{620EFD5A-3B89-47B3-A734-621A1A168A76}.Release|x64.Build.0 = Release|Any CPU
		{620EFD5A-3B89-47B3-A734-621A1A168A76}.Release|x86.ActiveCfg = Release|Any CPU
		{620EFD5A-3B89-47B3-A734-621A1A168A76}.Release|x86.Build.0 = Release|Any CPU
		{2A7FE0E1-FF50-4355-BED3-D45C5176B391}.Debug|Any CPU.ActiveCfg = Debug|Any CPU
		{2A7FE0E1-FF50-4355-BED3-D45C5176B391}.Debug|Any CPU.Build.0 = Debug|Any CPU
		{2A7FE0E1-FF50-4355-BED3-D45C5176B391}.Debug|x64.ActiveCfg = Debug|Any CPU
		{2A7FE0E1-FF50-4355-BED3-D45C5176B391}.Debug|x64.Build.0 = Debug|Any CPU
		{2A7FE0E1-FF50-4355-BED3-D45C5176B391}.Debug|x86.ActiveCfg = Debug|Any CPU
		{2A7FE0E1-FF50-4355-BED3-D45C5176B391}.Debug|x86.Build.0 = Debug|Any CPU
		{2A7FE0E1-FF50-4355-BED3-D45C5176B391}.Release|Any CPU.ActiveCfg = Release|Any CPU
		{2A7FE0E1-FF50-4355-BED3-D45C5176B391}.Release|Any CPU.Build.0 = Release|Any CPU
		{2A7FE0E1-FF50-4355-BED3-D45C5176B391}.Release|x64.ActiveCfg = Release|Any CPU
		{2A7FE0E1-FF50-4355-BED3-D45C5176B391}.Release|x64.Build.0 = Release|Any CPU
		{2A7FE0E1-FF50-4355-BED3-D45C5176B391}.Release|x86.ActiveCfg = Release|Any CPU
		{2A7FE0E1-FF50-4355-BED3-D45C5176B391}.Release|x86.Build.0 = Release|Any CPU
		{2F7A0207-DBDB-4C09-9DBA-51B73130F38D}.Debug|Any CPU.ActiveCfg = Debug|Any CPU
		{2F7A0207-DBDB-4C09-9DBA-51B73130F38D}.Debug|Any CPU.Build.0 = Debug|Any CPU
		{2F7A0207-DBDB-4C09-9DBA-51B73130F38D}.Debug|x64.ActiveCfg = Debug|Any CPU
		{2F7A0207-DBDB-4C09-9DBA-51B73130F38D}.Debug|x64.Build.0 = Debug|Any CPU
		{2F7A0207-DBDB-4C09-9DBA-51B73130F38D}.Debug|x86.ActiveCfg = Debug|Any CPU
		{2F7A0207-DBDB-4C09-9DBA-51B73130F38D}.Debug|x86.Build.0 = Debug|Any CPU
		{2F7A0207-DBDB-4C09-9DBA-51B73130F38D}.Release|Any CPU.ActiveCfg = Release|Any CPU
		{2F7A0207-DBDB-4C09-9DBA-51B73130F38D}.Release|Any CPU.Build.0 = Release|Any CPU
		{2F7A0207-DBDB-4C09-9DBA-51B73130F38D}.Release|x64.ActiveCfg = Release|Any CPU
		{2F7A0207-DBDB-4C09-9DBA-51B73130F38D}.Release|x64.Build.0 = Release|Any CPU
		{2F7A0207-DBDB-4C09-9DBA-51B73130F38D}.Release|x86.ActiveCfg = Release|Any CPU
		{2F7A0207-DBDB-4C09-9DBA-51B73130F38D}.Release|x86.Build.0 = Release|Any CPU
		{5E5C46A3-BD97-44F6-AF31-B52C32A8DDE3}.Debug|Any CPU.ActiveCfg = Debug|Any CPU
		{5E5C46A3-BD97-44F6-AF31-B52C32A8DDE3}.Debug|Any CPU.Build.0 = Debug|Any CPU
		{5E5C46A3-BD97-44F6-AF31-B52C32A8DDE3}.Debug|x64.ActiveCfg = Debug|Any CPU
		{5E5C46A3-BD97-44F6-AF31-B52C32A8DDE3}.Debug|x64.Build.0 = Debug|Any CPU
		{5E5C46A3-BD97-44F6-AF31-B52C32A8DDE3}.Debug|x86.ActiveCfg = Debug|Any CPU
		{5E5C46A3-BD97-44F6-AF31-B52C32A8DDE3}.Debug|x86.Build.0 = Debug|Any CPU
		{5E5C46A3-BD97-44F6-AF31-B52C32A8DDE3}.Release|Any CPU.ActiveCfg = Release|Any CPU
		{5E5C46A3-BD97-44F6-AF31-B52C32A8DDE3}.Release|Any CPU.Build.0 = Release|Any CPU
		{5E5C46A3-BD97-44F6-AF31-B52C32A8DDE3}.Release|x64.ActiveCfg = Release|Any CPU
		{5E5C46A3-BD97-44F6-AF31-B52C32A8DDE3}.Release|x64.Build.0 = Release|Any CPU
		{5E5C46A3-BD97-44F6-AF31-B52C32A8DDE3}.Release|x86.ActiveCfg = Release|Any CPU
		{5E5C46A3-BD97-44F6-AF31-B52C32A8DDE3}.Release|x86.Build.0 = Release|Any CPU
		{509E0C02-1B40-441E-954B-DE09E7334836}.Debug|Any CPU.ActiveCfg = Debug|Any CPU
		{509E0C02-1B40-441E-954B-DE09E7334836}.Debug|Any CPU.Build.0 = Debug|Any CPU
		{509E0C02-1B40-441E-954B-DE09E7334836}.Debug|x64.ActiveCfg = Debug|Any CPU
		{509E0C02-1B40-441E-954B-DE09E7334836}.Debug|x64.Build.0 = Debug|Any CPU
		{509E0C02-1B40-441E-954B-DE09E7334836}.Debug|x86.ActiveCfg = Debug|Any CPU
		{509E0C02-1B40-441E-954B-DE09E7334836}.Debug|x86.Build.0 = Debug|Any CPU
		{509E0C02-1B40-441E-954B-DE09E7334836}.Release|Any CPU.ActiveCfg = Release|Any CPU
		{509E0C02-1B40-441E-954B-DE09E7334836}.Release|Any CPU.Build.0 = Release|Any CPU
		{509E0C02-1B40-441E-954B-DE09E7334836}.Release|x64.ActiveCfg = Release|Any CPU
		{509E0C02-1B40-441E-954B-DE09E7334836}.Release|x64.Build.0 = Release|Any CPU
		{509E0C02-1B40-441E-954B-DE09E7334836}.Release|x86.ActiveCfg = Release|Any CPU
		{509E0C02-1B40-441E-954B-DE09E7334836}.Release|x86.Build.0 = Release|Any CPU
		{23D4E100-97C7-4D2D-B893-1C644730890E}.Debug|Any CPU.ActiveCfg = Debug|Any CPU
		{23D4E100-97C7-4D2D-B893-1C644730890E}.Debug|Any CPU.Build.0 = Debug|Any CPU
		{23D4E100-97C7-4D2D-B893-1C644730890E}.Debug|x64.ActiveCfg = Debug|Any CPU
		{23D4E100-97C7-4D2D-B893-1C644730890E}.Debug|x64.Build.0 = Debug|Any CPU
		{23D4E100-97C7-4D2D-B893-1C644730890E}.Debug|x86.ActiveCfg = Debug|Any CPU
		{23D4E100-97C7-4D2D-B893-1C644730890E}.Debug|x86.Build.0 = Debug|Any CPU
		{23D4E100-97C7-4D2D-B893-1C644730890E}.Release|Any CPU.ActiveCfg = Release|Any CPU
		{23D4E100-97C7-4D2D-B893-1C644730890E}.Release|Any CPU.Build.0 = Release|Any CPU
		{23D4E100-97C7-4D2D-B893-1C644730890E}.Release|x64.ActiveCfg = Release|Any CPU
		{23D4E100-97C7-4D2D-B893-1C644730890E}.Release|x64.Build.0 = Release|Any CPU
		{23D4E100-97C7-4D2D-B893-1C644730890E}.Release|x86.ActiveCfg = Release|Any CPU
		{23D4E100-97C7-4D2D-B893-1C644730890E}.Release|x86.Build.0 = Release|Any CPU
	EndGlobalSection
	GlobalSection(SolutionProperties) = preSolution
		HideSolutionNode = FALSE
	EndGlobalSection
	GlobalSection(NestedProjects) = preSolution
		{8BD2F833-F43D-44AC-BE71-1E71630B3372} = {827E0CD3-B72D-47B6-A68D-7590B98EB39B}
		{77BD4E89-E610-4E8B-8D0E-352864B734D2} = {827E0CD3-B72D-47B6-A68D-7590B98EB39B}
		{3D77D5E3-303A-47AC-92C2-79735C924FBC} = {827E0CD3-B72D-47B6-A68D-7590B98EB39B}
		{4AE52A17-190E-424E-86E1-DDAA525CFE6A} = {827E0CD3-B72D-47B6-A68D-7590B98EB39B}
		{F1B141EE-D5A4-46AE-B8DD-7396CCF301E6} = {827E0CD3-B72D-47B6-A68D-7590B98EB39B}
		{FE74A94B-7F4A-4D51-BE63-1DBF97AF6BA5} = {827E0CD3-B72D-47B6-A68D-7590B98EB39B}
		{1BB74289-49B0-4E10-8B16-AF613AEAF458} = {827E0CD3-B72D-47B6-A68D-7590B98EB39B}
		{07865D94-BBB4-4DE1-AA10-73464BD33E07} = {827E0CD3-B72D-47B6-A68D-7590B98EB39B}
		{620EFD5A-3B89-47B3-A734-621A1A168A76} = {0AB3BF05-4346-4AA6-1389-037BE0695223}
		{2A7FE0E1-FF50-4355-BED3-D45C5176B391} = {0AB3BF05-4346-4AA6-1389-037BE0695223}
		{2F7A0207-DBDB-4C09-9DBA-51B73130F38D} = {0AB3BF05-4346-4AA6-1389-037BE0695223}
		{5E5C46A3-BD97-44F6-AF31-B52C32A8DDE3} = {0AB3BF05-4346-4AA6-1389-037BE0695223}
		{509E0C02-1B40-441E-954B-DE09E7334836} = {6DEC682D-5F0D-1973-951C-0B9630672490}
		{23D4E100-97C7-4D2D-B893-1C644730890E} = {6DEC682D-5F0D-1973-951C-0B9630672490}
	EndGlobalSection
EndGlobal
